// !$*UTF8*$!
{
	archiveVersion = 1;
	classes = {
	};
	objectVersion = 46;
	objects = {

/* Begin PBXBuildFile section */
		1766DA2718196AEA004BEA86 /* stop.png in Resources */ = {isa = PBXBuildFile; fileRef = 1766DA2618196AEA004BEA86 /* stop.png */; };
		17A71270181921FE00A2EDBE /* PlayButton.png in Resources */ = {isa = PBXBuildFile; fileRef = 17A7126F181921FE00A2EDBE /* PlayButton.png */; };
		17C82CE91817B2D100D4F952 /* Foundation.framework in Frameworks */ = {isa = PBXBuildFile; fileRef = 17C82CE81817B2D100D4F952 /* Foundation.framework */; };
		17C82CEB1817B2D100D4F952 /* CoreGraphics.framework in Frameworks */ = {isa = PBXBuildFile; fileRef = 17C82CEA1817B2D100D4F952 /* CoreGraphics.framework */; };
		17C82CED1817B2D100D4F952 /* UIKit.framework in Frameworks */ = {isa = PBXBuildFile; fileRef = 17C82CEC1817B2D100D4F952 /* UIKit.framework */; };
		17C82CF31817B2D100D4F952 /* InfoPlist.strings in Resources */ = {isa = PBXBuildFile; fileRef = 17C82CF11817B2D100D4F952 /* InfoPlist.strings */; };
		17C82CF51817B2D100D4F952 /* main.m in Sources */ = {isa = PBXBuildFile; fileRef = 17C82CF41817B2D100D4F952 /* main.m */; };
		17C82CF91817B2D100D4F952 /* AppDelegate.m in Sources */ = {isa = PBXBuildFile; fileRef = 17C82CF81817B2D100D4F952 /* AppDelegate.m */; };
		17C82CFC1817B2D100D4F952 /* Main.storyboard in Resources */ = {isa = PBXBuildFile; fileRef = 17C82CFA1817B2D100D4F952 /* Main.storyboard */; };
		17C82D011817B2D100D4F952 /* Images.xcassets in Resources */ = {isa = PBXBuildFile; fileRef = 17C82D001817B2D100D4F952 /* Images.xcassets */; };
		17C82D081817B2D200D4F952 /* XCTest.framework in Frameworks */ = {isa = PBXBuildFile; fileRef = 17C82D071817B2D200D4F952 /* XCTest.framework */; };
		17C82D091817B2D200D4F952 /* Foundation.framework in Frameworks */ = {isa = PBXBuildFile; fileRef = 17C82CE81817B2D100D4F952 /* Foundation.framework */; };
		17C82D0A1817B2D200D4F952 /* UIKit.framework in Frameworks */ = {isa = PBXBuildFile; fileRef = 17C82CEC1817B2D100D4F952 /* UIKit.framework */; };
		17C82D121817B2D200D4F952 /* InfoPlist.strings in Resources */ = {isa = PBXBuildFile; fileRef = 17C82D101817B2D200D4F952 /* InfoPlist.strings */; };
		17C82D141817B2D200D4F952 /* OTPO_PlayerTests.m in Sources */ = {isa = PBXBuildFile; fileRef = 17C82D131817B2D200D4F952 /* OTPO_PlayerTests.m */; };
		17C82D271817B39C00D4F952 /* downloadManager.m in Sources */ = {isa = PBXBuildFile; fileRef = 17C82D1E1817B39C00D4F952 /* downloadManager.m */; };
		17C82D281817B39C00D4F952 /* homeViewController.m in Sources */ = {isa = PBXBuildFile; fileRef = 17C82D201817B39C00D4F952 /* homeViewController.m */; };
		17C82D291817B39C00D4F952 /* TableCell.m in Sources */ = {isa = PBXBuildFile; fileRef = 17C82D221817B39C00D4F952 /* TableCell.m */; };
		17C82D2A1817B39C00D4F952 /* trackInfo.m in Sources */ = {isa = PBXBuildFile; fileRef = 17C82D241817B39C00D4F952 /* trackInfo.m */; };
		17C82D2E1817BC6F00D4F952 /* jsonRetriever.m in Sources */ = {isa = PBXBuildFile; fileRef = 17C82D2D1817BC6F00D4F952 /* jsonRetriever.m */; };
/* End PBXBuildFile section */

/* Begin PBXContainerItemProxy section */
		17C82D0B1817B2D200D4F952 /* PBXContainerItemProxy */ = {
			isa = PBXContainerItemProxy;
			containerPortal = 17C82CDD1817B2D100D4F952 /* Project object */;
			proxyType = 1;
			remoteGlobalIDString = 17C82CE41817B2D100D4F952;
			remoteInfo = "OTPO-Player";
		};
/* End PBXContainerItemProxy section */

/* Begin PBXFileReference section */
		1766DA2618196AEA004BEA86 /* stop.png */ = {isa = PBXFileReference; lastKnownFileType = image.png; path = stop.png; sourceTree = "<group>"; };
		17A7126F181921FE00A2EDBE /* PlayButton.png */ = {isa = PBXFileReference; lastKnownFileType = image.png; path = PlayButton.png; sourceTree = "<group>"; };
		17C82CE51817B2D100D4F952 /* OTPO-Player.app */ = {isa = PBXFileReference; explicitFileType = wrapper.application; includeInIndex = 0; path = "OTPO-Player.app"; sourceTree = BUILT_PRODUCTS_DIR; };
		17C82CE81817B2D100D4F952 /* Foundation.framework */ = {isa = PBXFileReference; lastKnownFileType = wrapper.framework; name = Foundation.framework; path = System/Library/Frameworks/Foundation.framework; sourceTree = SDKROOT; };
		17C82CEA1817B2D100D4F952 /* CoreGraphics.framework */ = {isa = PBXFileReference; lastKnownFileType = wrapper.framework; name = CoreGraphics.framework; path = System/Library/Frameworks/CoreGraphics.framework; sourceTree = SDKROOT; };
		17C82CEC1817B2D100D4F952 /* UIKit.framework */ = {isa = PBXFileReference; lastKnownFileType = wrapper.framework; name = UIKit.framework; path = System/Library/Frameworks/UIKit.framework; sourceTree = SDKROOT; };
		17C82CF01817B2D100D4F952 /* OTPO-Player-Info.plist */ = {isa = PBXFileReference; lastKnownFileType = text.plist.xml; path = "OTPO-Player-Info.plist"; sourceTree = "<group>"; };
		17C82CF21817B2D100D4F952 /* en */ = {isa = PBXFileReference; lastKnownFileType = text.plist.strings; name = en; path = en.lproj/InfoPlist.strings; sourceTree = "<group>"; };
		17C82CF41817B2D100D4F952 /* main.m */ = {isa = PBXFileReference; lastKnownFileType = sourcecode.c.objc; path = main.m; sourceTree = "<group>"; };
		17C82CF61817B2D100D4F952 /* OTPO-Player-Prefix.pch */ = {isa = PBXFileReference; lastKnownFileType = sourcecode.c.h; path = "OTPO-Player-Prefix.pch"; sourceTree = "<group>"; };
		17C82CF71817B2D100D4F952 /* AppDelegate.h */ = {isa = PBXFileReference; lastKnownFileType = sourcecode.c.h; path = AppDelegate.h; sourceTree = "<group>"; };
		17C82CF81817B2D100D4F952 /* AppDelegate.m */ = {isa = PBXFileReference; lastKnownFileType = sourcecode.c.objc; path = AppDelegate.m; sourceTree = "<group>"; };
		17C82CFB1817B2D100D4F952 /* Base */ = {isa = PBXFileReference; lastKnownFileType = file.storyboard; name = Base; path = Base.lproj/Main.storyboard; sourceTree = "<group>"; };
		17C82D001817B2D100D4F952 /* Images.xcassets */ = {isa = PBXFileReference; lastKnownFileType = folder.assetcatalog; path = Images.xcassets; sourceTree = "<group>"; };
		17C82D061817B2D200D4F952 /* OTPO-PlayerTests.xctest */ = {isa = PBXFileReference; explicitFileType = wrapper.cfbundle; includeInIndex = 0; path = "OTPO-PlayerTests.xctest"; sourceTree = BUILT_PRODUCTS_DIR; };
		17C82D071817B2D200D4F952 /* XCTest.framework */ = {isa = PBXFileReference; lastKnownFileType = wrapper.framework; name = XCTest.framework; path = Library/Frameworks/XCTest.framework; sourceTree = DEVELOPER_DIR; };
		17C82D0F1817B2D200D4F952 /* OTPO-PlayerTests-Info.plist */ = {isa = PBXFileReference; lastKnownFileType = text.plist.xml; path = "OTPO-PlayerTests-Info.plist"; sourceTree = "<group>"; };
		17C82D111817B2D200D4F952 /* en */ = {isa = PBXFileReference; lastKnownFileType = text.plist.strings; name = en; path = en.lproj/InfoPlist.strings; sourceTree = "<group>"; };
		17C82D131817B2D200D4F952 /* OTPO_PlayerTests.m */ = {isa = PBXFileReference; lastKnownFileType = sourcecode.c.objc; path = OTPO_PlayerTests.m; sourceTree = "<group>"; };
		17C82D1D1817B39C00D4F952 /* downloadManager.h */ = {isa = PBXFileReference; fileEncoding = 4; lastKnownFileType = sourcecode.c.h; path = downloadManager.h; sourceTree = "<group>"; };
		17C82D1E1817B39C00D4F952 /* downloadManager.m */ = {isa = PBXFileReference; fileEncoding = 4; lastKnownFileType = sourcecode.c.objc; path = downloadManager.m; sourceTree = "<group>"; };
		17C82D1F1817B39C00D4F952 /* homeViewController.h */ = {isa = PBXFileReference; fileEncoding = 4; lastKnownFileType = sourcecode.c.h; path = homeViewController.h; sourceTree = "<group>"; };
		17C82D201817B39C00D4F952 /* homeViewController.m */ = {isa = PBXFileReference; fileEncoding = 4; lastKnownFileType = sourcecode.c.objc; path = homeViewController.m; sourceTree = "<group>"; };
		17C82D211817B39C00D4F952 /* TableCell.h */ = {isa = PBXFileReference; fileEncoding = 4; lastKnownFileType = sourcecode.c.h; path = TableCell.h; sourceTree = "<group>"; };
		17C82D221817B39C00D4F952 /* TableCell.m */ = {isa = PBXFileReference; fileEncoding = 4; lastKnownFileType = sourcecode.c.objc; path = TableCell.m; sourceTree = "<group>"; };
		17C82D231817B39C00D4F952 /* trackInfo.h */ = {isa = PBXFileReference; fileEncoding = 4; lastKnownFileType = sourcecode.c.h; path = trackInfo.h; sourceTree = "<group>"; };
		17C82D241817B39C00D4F952 /* trackInfo.m */ = {isa = PBXFileReference; fileEncoding = 4; lastKnownFileType = sourcecode.c.objc; path = trackInfo.m; sourceTree = "<group>"; };
		17C82D2C1817BC6F00D4F952 /* jsonRetriever.h */ = {isa = PBXFileReference; fileEncoding = 4; lastKnownFileType = sourcecode.c.h; path = jsonRetriever.h; sourceTree = "<group>"; };
		17C82D2D1817BC6F00D4F952 /* jsonRetriever.m */ = {isa = PBXFileReference; fileEncoding = 4; lastKnownFileType = sourcecode.c.objc; path = jsonRetriever.m; sourceTree = "<group>"; };
/* End PBXFileReference section */

/* Begin PBXFrameworksBuildPhase section */
		17C82CE21817B2D100D4F952 /* Frameworks */ = {
			isa = PBXFrameworksBuildPhase;
			buildActionMask = 2147483647;
			files = (
				17C82CEB1817B2D100D4F952 /* CoreGraphics.framework in Frameworks */,
				17C82CED1817B2D100D4F952 /* UIKit.framework in Frameworks */,
				17C82CE91817B2D100D4F952 /* Foundation.framework in Frameworks */,
			);
			runOnlyForDeploymentPostprocessing = 0;
		};
		17C82D031817B2D200D4F952 /* Frameworks */ = {
			isa = PBXFrameworksBuildPhase;
			buildActionMask = 2147483647;
			files = (
				17C82D081817B2D200D4F952 /* XCTest.framework in Frameworks */,
				17C82D0A1817B2D200D4F952 /* UIKit.framework in Frameworks */,
				17C82D091817B2D200D4F952 /* Foundation.framework in Frameworks */,
			);
			runOnlyForDeploymentPostprocessing = 0;
		};
/* End PBXFrameworksBuildPhase section */

/* Begin PBXGroup section */
		17A7126A181920CE00A2EDBE /* Images */ = {
			isa = PBXGroup;
			children = (
				1766DA2618196AEA004BEA86 /* stop.png */,
				17A7126F181921FE00A2EDBE /* PlayButton.png */,
			);
			name = Images;
			sourceTree = "<group>";
		};
		17A71271181922E700A2EDBE /* Entity */ = {
			isa = PBXGroup;
			children = (
				17C82D231817B39C00D4F952 /* trackInfo.h */,
				17C82D241817B39C00D4F952 /* trackInfo.m */,
			);
			name = Entity;
			sourceTree = "<group>";
		};
		17A71272181922F600A2EDBE /* Controllers */ = {
			isa = PBXGroup;
			children = (
				17C82D1F1817B39C00D4F952 /* homeViewController.h */,
				17C82D201817B39C00D4F952 /* homeViewController.m */,
			);
			name = Controllers;
			sourceTree = "<group>";
		};
		17A712731819230200A2EDBE /* Models */ = {
			isa = PBXGroup;
			children = (
				17C82D1D1817B39C00D4F952 /* downloadManager.h */,
				17C82D1E1817B39C00D4F952 /* downloadManager.m */,
				17C82D2C1817BC6F00D4F952 /* jsonRetriever.h */,
				17C82D2D1817BC6F00D4F952 /* jsonRetriever.m */,
			);
			name = Models;
			sourceTree = "<group>";
		};
		17A71274181928AB00A2EDBE /* View */ = {
			isa = PBXGroup;
			children = (
				17C82D211817B39C00D4F952 /* TableCell.h */,
				17C82D221817B39C00D4F952 /* TableCell.m */,
			);
			name = View;
			sourceTree = "<group>";
		};
		17C82CDC1817B2D100D4F952 = {
			isa = PBXGroup;
			children = (
				17A7126A181920CE00A2EDBE /* Images */,
				17C82CEE1817B2D100D4F952 /* OTPO-Player */,
				17C82D0D1817B2D200D4F952 /* OTPO-PlayerTests */,
				17C82CE71817B2D100D4F952 /* Frameworks */,
				17C82CE61817B2D100D4F952 /* Products */,
			);
			sourceTree = "<group>";
		};
		17C82CE61817B2D100D4F952 /* Products */ = {
			isa = PBXGroup;
			children = (
				17C82CE51817B2D100D4F952 /* OTPO-Player.app */,
				17C82D061817B2D200D4F952 /* OTPO-PlayerTests.xctest */,
			);
			name = Products;
			sourceTree = "<group>";
		};
		17C82CE71817B2D100D4F952 /* Frameworks */ = {
			isa = PBXGroup;
			children = (
				17C82CE81817B2D100D4F952 /* Foundation.framework */,
				17C82CEA1817B2D100D4F952 /* CoreGraphics.framework */,
				17C82CEC1817B2D100D4F952 /* UIKit.framework */,
				17C82D071817B2D200D4F952 /* XCTest.framework */,
			);
			name = Frameworks;
			sourceTree = "<group>";
		};
		17C82CEE1817B2D100D4F952 /* OTPO-Player */ = {
			isa = PBXGroup;
			children = (
				17A71274181928AB00A2EDBE /* View */,
				17A712731819230200A2EDBE /* Models */,
				17A71272181922F600A2EDBE /* Controllers */,
				17A71271181922E700A2EDBE /* Entity */,
				17C82CF71817B2D100D4F952 /* AppDelegate.h */,
				17C82CF81817B2D100D4F952 /* AppDelegate.m */,
				17C82CFA1817B2D100D4F952 /* Main.storyboard */,
				17C82D001817B2D100D4F952 /* Images.xcassets */,
				17C82CEF1817B2D100D4F952 /* Supporting Files */,
			);
			path = "OTPO-Player";
			sourceTree = "<group>";
		};
		17C82CEF1817B2D100D4F952 /* Supporting Files */ = {
			isa = PBXGroup;
			children = (
				17C82CF01817B2D100D4F952 /* OTPO-Player-Info.plist */,
				17C82CF11817B2D100D4F952 /* InfoPlist.strings */,
				17C82CF41817B2D100D4F952 /* main.m */,
				17C82CF61817B2D100D4F952 /* OTPO-Player-Prefix.pch */,
			);
			name = "Supporting Files";
			sourceTree = "<group>";
		};
		17C82D0D1817B2D200D4F952 /* OTPO-PlayerTests */ = {
			isa = PBXGroup;
			children = (
				17C82D131817B2D200D4F952 /* OTPO_PlayerTests.m */,
				17C82D0E1817B2D200D4F952 /* Supporting Files */,
			);
			path = "OTPO-PlayerTests";
			sourceTree = "<group>";
		};
		17C82D0E1817B2D200D4F952 /* Supporting Files */ = {
			isa = PBXGroup;
			children = (
				17C82D0F1817B2D200D4F952 /* OTPO-PlayerTests-Info.plist */,
				17C82D101817B2D200D4F952 /* InfoPlist.strings */,
			);
			name = "Supporting Files";
			sourceTree = "<group>";
		};
/* End PBXGroup section */

/* Begin PBXNativeTarget section */
		17C82CE41817B2D100D4F952 /* OTPO-Player */ = {
			isa = PBXNativeTarget;
			buildConfigurationList = 17C82D171817B2D200D4F952 /* Build configuration list for PBXNativeTarget "OTPO-Player" */;
			buildPhases = (
				17C82CE11817B2D100D4F952 /* Sources */,
				17C82CE21817B2D100D4F952 /* Frameworks */,
				17C82CE31817B2D100D4F952 /* Resources */,
			);
			buildRules = (
			);
			dependencies = (
			);
			name = "OTPO-Player";
			productName = "OTPO-Player";
			productReference = 17C82CE51817B2D100D4F952 /* OTPO-Player.app */;
			productType = "com.apple.product-type.application";
		};
		17C82D051817B2D200D4F952 /* OTPO-PlayerTests */ = {
			isa = PBXNativeTarget;
			buildConfigurationList = 17C82D1A1817B2D200D4F952 /* Build configuration list for PBXNativeTarget "OTPO-PlayerTests" */;
			buildPhases = (
				17C82D021817B2D200D4F952 /* Sources */,
				17C82D031817B2D200D4F952 /* Frameworks */,
				17C82D041817B2D200D4F952 /* Resources */,
			);
			buildRules = (
			);
			dependencies = (
				17C82D0C1817B2D200D4F952 /* PBXTargetDependency */,
			);
			name = "OTPO-PlayerTests";
			productName = "OTPO-PlayerTests";
			productReference = 17C82D061817B2D200D4F952 /* OTPO-PlayerTests.xctest */;
			productType = "com.apple.product-type.bundle.unit-test";
		};
/* End PBXNativeTarget section */

/* Begin PBXProject section */
		17C82CDD1817B2D100D4F952 /* Project object */ = {
			isa = PBXProject;
			attributes = {
				LastUpgradeCheck = 0500;
				ORGANIZATIONNAME = "Gomis Florian";
				TargetAttributes = {
					17C82D051817B2D200D4F952 = {
						TestTargetID = 17C82CE41817B2D100D4F952;
					};
				};
			};
			buildConfigurationList = 17C82CE01817B2D100D4F952 /* Build configuration list for PBXProject "OTPO-Player" */;
			compatibilityVersion = "Xcode 3.2";
			developmentRegion = English;
			hasScannedForEncodings = 0;
			knownRegions = (
				en,
				Base,
			);
			mainGroup = 17C82CDC1817B2D100D4F952;
			productRefGroup = 17C82CE61817B2D100D4F952 /* Products */;
			projectDirPath = "";
			projectRoot = "";
			targets = (
				17C82CE41817B2D100D4F952 /* OTPO-Player */,
				17C82D051817B2D200D4F952 /* OTPO-PlayerTests */,
			);
		};
/* End PBXProject section */

/* Begin PBXResourcesBuildPhase section */
		17C82CE31817B2D100D4F952 /* Resources */ = {
			isa = PBXResourcesBuildPhase;
			buildActionMask = 2147483647;
			files = (
				17C82D011817B2D100D4F952 /* Images.xcassets in Resources */,
				1766DA2718196AEA004BEA86 /* stop.png in Resources */,
				17C82CF31817B2D100D4F952 /* InfoPlist.strings in Resources */,
				17C82CFC1817B2D100D4F952 /* Main.storyboard in Resources */,
				17A71270181921FE00A2EDBE /* PlayButton.png in Resources */,
			);
			runOnlyForDeploymentPostprocessing = 0;
		};
		17C82D041817B2D200D4F952 /* Resources */ = {
			isa = PBXResourcesBuildPhase;
			buildActionMask = 2147483647;
			files = (
				17C82D121817B2D200D4F952 /* InfoPlist.strings in Resources */,
			);
			runOnlyForDeploymentPostprocessing = 0;
		};
/* End PBXResourcesBuildPhase section */

/* Begin PBXSourcesBuildPhase section */
		17C82CE11817B2D100D4F952 /* Sources */ = {
			isa = PBXSourcesBuildPhase;
			buildActionMask = 2147483647;
			files = (
				17C82D291817B39C00D4F952 /* TableCell.m in Sources */,
				17C82D2A1817B39C00D4F952 /* trackInfo.m in Sources */,
				17C82CF91817B2D100D4F952 /* AppDelegate.m in Sources */,
				17C82D2E1817BC6F00D4F952 /* jsonRetriever.m in Sources */,
				17C82CF51817B2D100D4F952 /* main.m in Sources */,
				17C82D281817B39C00D4F952 /* homeViewController.m in Sources */,
				17C82D271817B39C00D4F952 /* downloadManager.m in Sources */,
			);
			runOnlyForDeploymentPostprocessing = 0;
		};
		17C82D021817B2D200D4F952 /* Sources */ = {
			isa = PBXSourcesBuildPhase;
			buildActionMask = 2147483647;
			files = (
				17C82D141817B2D200D4F952 /* OTPO_PlayerTests.m in Sources */,
			);
			runOnlyForDeploymentPostprocessing = 0;
		};
/* End PBXSourcesBuildPhase section */

/* Begin PBXTargetDependency section */
		17C82D0C1817B2D200D4F952 /* PBXTargetDependency */ = {
			isa = PBXTargetDependency;
			target = 17C82CE41817B2D100D4F952 /* OTPO-Player */;
			targetProxy = 17C82D0B1817B2D200D4F952 /* PBXContainerItemProxy */;
		};
/* End PBXTargetDependency section */

/* Begin PBXVariantGroup section */
		17C82CF11817B2D100D4F952 /* InfoPlist.strings */ = {
			isa = PBXVariantGroup;
			children = (
				17C82CF21817B2D100D4F952 /* en */,
			);
			name = InfoPlist.strings;
			sourceTree = "<group>";
		};
		17C82CFA1817B2D100D4F952 /* Main.storyboard */ = {
			isa = PBXVariantGroup;
			children = (
				17C82CFB1817B2D100D4F952 /* Base */,
			);
			name = Main.storyboard;
			sourceTree = "<group>";
		};
		17C82D101817B2D200D4F952 /* InfoPlist.strings */ = {
			isa = PBXVariantGroup;
			children = (
				17C82D111817B2D200D4F952 /* en */,
			);
			name = InfoPlist.strings;
			sourceTree = "<group>";
		};
/* End PBXVariantGroup section */

/* Begin XCBuildConfiguration section */
		17C82D151817B2D200D4F952 /* Debug */ = {
			isa = XCBuildConfiguration;
			buildSettings = {
				ALWAYS_SEARCH_USER_PATHS = NO;
				ARCHS = "$(ARCHS_STANDARD_INCLUDING_64_BIT)";
				CLANG_CXX_LANGUAGE_STANDARD = "gnu++0x";
				CLANG_CXX_LIBRARY = "libc++";
				CLANG_ENABLE_MODULES = YES;
				CLANG_ENABLE_OBJC_ARC = YES;
				CLANG_WARN_BOOL_CONVERSION = YES;
				CLANG_WARN_CONSTANT_CONVERSION = YES;
				CLANG_WARN_DIRECT_OBJC_ISA_USAGE = YES_ERROR;
				CLANG_WARN_EMPTY_BODY = YES;
				CLANG_WARN_ENUM_CONVERSION = YES;
				CLANG_WARN_INT_CONVERSION = YES;
				CLANG_WARN_OBJC_ROOT_CLASS = YES_ERROR;
				CLANG_WARN__DUPLICATE_METHOD_MATCH = YES;
				"CODE_SIGN_IDENTITY[sdk=iphoneos*]" = "iPhone Developer";
				COPY_PHASE_STRIP = NO;
				GCC_C_LANGUAGE_STANDARD = gnu99;
				GCC_DYNAMIC_NO_PIC = NO;
				GCC_OPTIMIZATION_LEVEL = 0;
				GCC_PREPROCESSOR_DEFINITIONS = (
					"DEBUG=1",
					"$(inherited)",
				);
				GCC_SYMBOLS_PRIVATE_EXTERN = NO;
				GCC_WARN_64_TO_32_BIT_CONVERSION = YES;
				GCC_WARN_ABOUT_RETURN_TYPE = YES_ERROR;
				GCC_WARN_UNDECLARED_SELECTOR = YES;
				GCC_WARN_UNINITIALIZED_AUTOS = YES;
				GCC_WARN_UNUSED_FUNCTION = YES;
				GCC_WARN_UNUSED_VARIABLE = YES;
				IPHONEOS_DEPLOYMENT_TARGET = 7.0;
				ONLY_ACTIVE_ARCH = YES;
				SDKROOT = iphoneos;
			};
			name = Debug;
		};
		17C82D161817B2D200D4F952 /* Release */ = {
			isa = XCBuildConfiguration;
			buildSettings = {
				ALWAYS_SEARCH_USER_PATHS = NO;
				ARCHS = "$(ARCHS_STANDARD_INCLUDING_64_BIT)";
				CLANG_CXX_LANGUAGE_STANDARD = "gnu++0x";
				CLANG_CXX_LIBRARY = "libc++";
				CLANG_ENABLE_MODULES = YES;
				CLANG_ENABLE_OBJC_ARC = YES;
				CLANG_WARN_BOOL_CONVERSION = YES;
				CLANG_WARN_CONSTANT_CONVERSION = YES;
				CLANG_WARN_DIRECT_OBJC_ISA_USAGE = YES_ERROR;
				CLANG_WARN_EMPTY_BODY = YES;
				CLANG_WARN_ENUM_CONVERSION = YES;
				CLANG_WARN_INT_CONVERSION = YES;
				CLANG_WARN_OBJC_ROOT_CLASS = YES_ERROR;
				CLANG_WARN__DUPLICATE_METHOD_MATCH = YES;
				"CODE_SIGN_IDENTITY[sdk=iphoneos*]" = "iPhone Developer";
				COPY_PHASE_STRIP = YES;
				ENABLE_NS_ASSERTIONS = NO;
				GCC_C_LANGUAGE_STANDARD = gnu99;
				GCC_WARN_64_TO_32_BIT_CONVERSION = YES;
				GCC_WARN_ABOUT_RETURN_TYPE = YES_ERROR;
				GCC_WARN_UNDECLARED_SELECTOR = YES;
				GCC_WARN_UNINITIALIZED_AUTOS = YES;
				GCC_WARN_UNUSED_FUNCTION = YES;
				GCC_WARN_UNUSED_VARIABLE = YES;
				IPHONEOS_DEPLOYMENT_TARGET = 7.0;
				SDKROOT = iphoneos;
				VALIDATE_PRODUCT = YES;
			};
			name = Release;
		};
		17C82D181817B2D200D4F952 /* Debug */ = {
			isa = XCBuildConfiguration;
			buildSettings = {
				ASSETCATALOG_COMPILER_APPICON_NAME = AppIcon;
				ASSETCATALOG_COMPILER_LAUNCHIMAGE_NAME = LaunchImage;
				CODE_SIGN_IDENTITY = "iPhone Developer";
				GCC_PRECOMPILE_PREFIX_HEADER = YES;
				GCC_PREFIX_HEADER = "OTPO-Player/OTPO-Player-Prefix.pch";
				INFOPLIST_FILE = "OTPO-Player/OTPO-Player-Info.plist";
				PRODUCT_NAME = "$(TARGET_NAME)";
				WRAPPER_EXTENSION = app;
			};
			name = Debug;
		};
		17C82D191817B2D200D4F952 /* Release */ = {
			isa = XCBuildConfiguration;
			buildSettings = {
				ASSETCATALOG_COMPILER_APPICON_NAME = AppIcon;
				ASSETCATALOG_COMPILER_LAUNCHIMAGE_NAME = LaunchImage;
				CODE_SIGN_IDENTITY = "iPhone Developer";
				GCC_PRECOMPILE_PREFIX_HEADER = YES;
				GCC_PREFIX_HEADER = "OTPO-Player/OTPO-Player-Prefix.pch";
				INFOPLIST_FILE = "OTPO-Player/OTPO-Player-Info.plist";
				PRODUCT_NAME = "$(TARGET_NAME)";
				WRAPPER_EXTENSION = app;
			};
			name = Release;
		};
		17C82D1B1817B2D200D4F952 /* Debug */ = {
			isa = XCBuildConfiguration;
			buildSettings = {
				ARCHS = "$(ARCHS_STANDARD_INCLUDING_64_BIT)";
				BUNDLE_LOADER = "$(BUILT_PRODUCTS_DIR)/OTPO-Player.app/OTPO-Player";
				FRAMEWORK_SEARCH_PATHS = (
					"$(SDKROOT)/Developer/Library/Frameworks",
					"$(inherited)",
					"$(DEVELOPER_FRAMEWORKS_DIR)",
				);
				GCC_PRECOMPILE_PREFIX_HEADER = YES;
				GCC_PREFIX_HEADER = "OTPO-Player/OTPO-Player-Prefix.pch";
				GCC_PREPROCESSOR_DEFINITIONS = (
					"DEBUG=1",
					"$(inherited)",
				);
				INFOPLIST_FILE = "OTPO-PlayerTests/OTPO-PlayerTests-Info.plist";
				PRODUCT_NAME = "$(TARGET_NAME)";
				TEST_HOST = "$(BUNDLE_LOADER)";
				WRAPPER_EXTENSION = xctest;
			};
			name = Debug;
		};
		17C82D1C1817B2D200D4F952 /* Release */ = {
			isa = XCBuildConfiguration;
			buildSettings = {
				ARCHS = "$(ARCHS_STANDARD_INCLUDING_64_BIT)";
				BUNDLE_LOADER = "$(BUILT_PRODUCTS_DIR)/OTPO-Player.app/OTPO-Player";
				FRAMEWORK_SEARCH_PATHS = (
					"$(SDKROOT)/Developer/Library/Frameworks",
					"$(inherited)",
					"$(DEVELOPER_FRAMEWORKS_DIR)",
				);
				GCC_PRECOMPILE_PREFIX_HEADER = YES;
				GCC_PREFIX_HEADER = "OTPO-Player/OTPO-Player-Prefix.pch";
				INFOPLIST_FILE = "OTPO-PlayerTests/OTPO-PlayerTests-Info.plist";
				PRODUCT_NAME = "$(TARGET_NAME)";
				TEST_HOST = "$(BUNDLE_LOADER)";
				WRAPPER_EXTENSION = xctest;
			};
			name = Release;
		};
/* End XCBuildConfiguration section */

/* Begin XCConfigurationList section */
		17C82CE01817B2D100D4F952 /* Build configuration list for PBXProject "OTPO-Player" */ = {
			isa = XCConfigurationList;
			buildConfigurations = (
				17C82D151817B2D200D4F952 /* Debug */,
				17C82D161817B2D200D4F952 /* Release */,
			);
			defaultConfigurationIsVisible = 0;
			defaultConfigurationName = Release;
		};
		17C82D171817B2D200D4F952 /* Build configuration list for PBXNativeTarget "OTPO-Player" */ = {
			isa = XCConfigurationList;
			buildConfigurations = (
				17C82D181817B2D200D4F952 /* Debug */,
				17C82D191817B2D200D4F952 /* Release */,
			);
			defaultConfigurationIsVisible = 0;
			defaultConfigurationName = Release;
		};
		17C82D1A1817B2D200D4F952 /* Build configuration list for PBXNativeTarget "OTPO-PlayerTests" */ = {
			isa = XCConfigurationList;
			buildConfigurations = (
				17C82D1B1817B2D200D4F952 /* Debug */,
				17C82D1C1817B2D200D4F952 /* Release */,
			);
			defaultConfigurationIsVisible = 0;
			defaultConfigurationName = Release;
		};
/* End XCConfigurationList section */
	};
	rootObject = 17C82CDD1817B2D100D4F952 /* Project object */;
}
